
Microsoft Visual Studio Solution File, Format Version 12.00
# Visual Studio Version 17
VisualStudioVersion = 17.14.37216.2
MinimumVisualStudioVersion = 10.0.40219.1
Project("{FAE04EC0-301F-11D3-BF4B-00C04F79EFBC}") = "AccountingAndAnalytics", "AccountingAndAnalytics.csproj", "{3F441755-D63D-40A9-88D0-1188A4546A81}"
EndProject
Global
	GlobalSection(SolutionConfigurationPlatforms) = preSolution
		Debug|Any CPU = Debug|Any CPU
		Release|Any CPU = Release|Any CPU
	EndGlobalSection
	GlobalSection(ProjectConfigurationPlatforms) = postSolution
		{3F441755-D63D-40A9-88D0-1188A4546A81}.Debug|Any CPU.ActiveCfg = Debug|Any CPU
		{3F441755-D63D-40A9-88D0-1188A4546A81}.Debug|Any CPU.Build.0 = Debug|Any CPU
		{3F441755-D63D-40A9-88D0-1188A4546A81}.Release|Any CPU.ActiveCfg = Release|Any CPU
		{3F441755-D63D-40A9-88D0-1188A4546A81}.Release|Any CPU.Build.0 = Release|Any CPU
	EndGlobalSection
	GlobalSection(SolutionProperties) = preSolution
		HideSolutionNode = FALSE
	EndGlobalSection
	GlobalSection(ExtensibilityGlobals) = postSolution
		SolutionGuid = {122D1313-18F7-478D-9AB1-9C7129DFB4ED}
	EndGlobalSection
EndGlobal
